
Microsoft Visual Studio Solution File, Format Version 12.00
# Visual Studio Version 17
VisualStudioVersion = 17.6.33712.159
MinimumVisualStudioVersion = 10.0.40219.1
Project("{FAE04EC0-301F-11D3-BF4B-00C04F79EFBC}") = "EZOrderApi", "EZOrderApi\EZOrderApi.csproj", "{329A7D3A-3C9D-4049-98B2-511BA90B1616}"
EndProject
Global
	GlobalSection(SolutionConfigurationPlatforms) = preSolution
		Debug|Any CPU = Debug|Any CPU
		Release|Any CPU = Release|Any CPU
	EndGlobalSection
	GlobalSection(ProjectConfigurationPlatforms) = postSolution
		{329A7D3A-3C9D-4049-98B2-511BA90B1616}.Debug|Any CPU.ActiveCfg = Debug|Any CPU
		{329A7D3A-3C9D-4049-98B2-511BA90B1616}.Debug|Any CPU.Build.0 = Debug|Any CPU
		{329A7D3A-3C9D-4049-98B2-511BA90B1616}.Release|Any CPU.ActiveCfg = Release|Any CPU
		{329A7D3A-3C9D-4049-98B2-511BA90B1616}.Release|Any CPU.Build.0 = Release|Any CPU
	EndGlobalSection
	GlobalSection(SolutionProperties) = preSolution
		HideSolutionNode = FALSE
	EndGlobalSection
	GlobalSection(ExtensibilityGlobals) = postSolution
		SolutionGuid = {0B91A67A-7579-4F95-9EBE-BC94048130E0}
	EndGlobalSection
EndGlobal
